
Microsoft Visual Studio Solution File, Format Version 12.00
# Visual Studio Version 16
VisualStudioVersion = 16.0.31112.23
MinimumVisualStudioVersion = 10.0.40219.1
Project("{FAE04EC0-301F-11D3-BF4B-00C04F79EFBC}") = "SystemSw-Core", "SystemSw-Core\SystemSw-Core.csproj", "{3BE44D8B-DC53-4DBF-9A00-9B7D7E84A9BF}"
EndProject
Project("{FAE04EC0-301F-11D3-BF4B-00C04F79EFBC}") = "SystemSw-UI", "SystemSw-UI\SystemSw-UI.csproj", "{F604A41E-C3B0-4AB1-A028-04F3603D5A8F}"
EndProject
Project("{FAE04EC0-301F-11D3-BF4B-00C04F79EFBC}") = "SystemSw-Api", "SystemSw-Api\SystemSw-Api.csproj", "{CAB5EF67-7E8B-433E-99B3-3F0A57845676}"
EndProject
Global
	GlobalSection(SolutionConfigurationPlatforms) = preSolution
		Debug|Any CPU = Debug|Any CPU
		Release|Any CPU = Release|Any CPU
	EndGlobalSection
	GlobalSection(ProjectConfigurationPlatforms) = postSolution
		{3BE44D8B-DC53-4DBF-9A00-9B7D7E84A9BF}.Debug|Any CPU.ActiveCfg = Debug|Any CPU
		{3BE44D8B-DC53-4DBF-9A00-9B7D7E84A9BF}.Debug|Any CPU.Build.0 = Debug|Any CPU
		{3BE44D8B-DC53-4DBF-9A00-9B7D7E84A9BF}.Release|Any CPU.ActiveCfg = Release|Any CPU
		{3BE44D8B-DC53-4DBF-9A00-9B7D7E84A9BF}.Release|Any CPU.Build.0 = Release|Any CPU
		{F604A41E-C3B0-4AB1-A028-04F3603D5A8F}.Debug|Any CPU.ActiveCfg = Debug|Any CPU
		{F604A41E-C3B0-4AB1-A028-04F3603D5A8F}.Debug|Any CPU.Build.0 = Debug|Any CPU
		{F604A41E-C3B0-4AB1-A028-04F3603D5A8F}.Release|Any CPU.ActiveCfg = Release|Any CPU
		{F604A41E-C3B0-4AB1-A028-04F3603D5A8F}.Release|Any CPU.Build.0 = Release|Any CPU
		{CAB5EF67-7E8B-433E-99B3-3F0A57845676}.Debug|Any CPU.ActiveCfg = Debug|Any CPU
		{CAB5EF67-7E8B-433E-99B3-3F0A57845676}.Debug|Any CPU.Build.0 = Debug|Any CPU
		{CAB5EF67-7E8B-433E-99B3-3F0A57845676}.Release|Any CPU.ActiveCfg = Release|Any CPU
		{CAB5EF67-7E8B-433E-99B3-3F0A57845676}.Release|Any CPU.Build.0 = Release|Any CPU
	EndGlobalSection
	GlobalSection(SolutionProperties) = preSolution
		HideSolutionNode = FALSE
	EndGlobalSection
	GlobalSection(ExtensibilityGlobals) = postSolution
		SolutionGuid = {40758A8F-C4A8-44D4-9D1D-F33C14F638E7}
	EndGlobalSection
EndGlobal
